
Microsoft Visual Studio Solution File, Format Version 12.00
# Visual Studio Version 17
VisualStudioVersion = 17.0.31903.59
MinimumVisualStudioVersion = 10.0.40219.1
Project("{2150E333-8FDC-42A3-9474-1A3956D46DE8}") = "1.apresentacoes", "1.apresentacoes", "{F66A2494-0BBE-F09C-EB55-F74A280B9B76}"
EndProject
Project("{FAE04EC0-301F-11D3-BF4B-00C04F79EFBC}") = "PWMetricas.Api", "1.apresentacoes\PWMetricas.Api\PWMetricas.Api.csproj", "{CFFA95B3-FDCB-4D91-AC3F-A8490C3A3636}"
EndProject
Project("{FAE04EC0-301F-11D3-BF4B-00C04F79EFBC}") = "PWMetricas.Adm", "1.apresentacoes\PWMetricas.Adm\PWMetricas.Adm.csproj", "{F19F83FF-1049-4495-BFB4-79FBAB3FFAB2}"
EndProject
Project("{2150E333-8FDC-42A3-9474-1A3956D46DE8}") = "2.aplicacao", "2.aplicacao", "{9C2866CC-6C21-6D98-0DB7-E8EF7DD10F17}"
EndProject
Project("{FAE04EC0-301F-11D3-BF4B-00C04F79EFBC}") = "PWMetricas.Aplicacao", "2.aplicacao\PWMetricas.Aplicacao\PWMetricas.Aplicacao.csproj", "{005EE2D4-6DDC-45AC-B8D1-A09A10778F36}"
EndProject
Project("{2150E333-8FDC-42A3-9474-1A3956D46DE8}") = "3.dominio", "3.dominio", "{23099019-D3A1-7F17-3F96-8337AEDD5E76}"
EndProject
Project("{FAE04EC0-301F-11D3-BF4B-00C04F79EFBC}") = "PWMetricas.Dominio", "3.dominio\PWMetricas.Dominio\PWMetricas.Dominio.csproj", "{C0D5D5DF-329B-4D58-A690-76637FDC6DBB}"
EndProject
Project("{2150E333-8FDC-42A3-9474-1A3956D46DE8}") = "4.dados", "4.dados", "{CE6CD096-49E9-DFF8-B3BA-0B66DB6D92A1}"
EndProject
Project("{FAE04EC0-301F-11D3-BF4B-00C04F79EFBC}") = "PWMetricas.Dados", "4.dados\PWMetricas.Dados\PWMetricas.Dados.csproj", "{C6203A13-5567-45F9-8680-40B07603818F}"
EndProject
Project("{2150E333-8FDC-42A3-9474-1A3956D46DE8}") = "5.configuracao", "5.configuracao", "{D882390D-FD07-E126-5555-EDD6CF372947}"
EndProject
Project("{FAE04EC0-301F-11D3-BF4B-00C04F79EFBC}") = "PWMetricas.Configuracao", "5.configuracao\PWMetricas.Configuracao\PWMetricas.Configuracao.csproj", "{97732056-6697-4AB4-AE1D-619FB7089B63}"
EndProject
Global
	GlobalSection(SolutionConfigurationPlatforms) = preSolution
		Debug|Any CPU = Debug|Any CPU
		Debug|x64 = Debug|x64
		Debug|x86 = Debug|x86
		Release|Any CPU = Release|Any CPU
		Release|x64 = Release|x64
		Release|x86 = Release|x86
	EndGlobalSection
	GlobalSection(ProjectConfigurationPlatforms) = postSolution
		{CFFA95B3-FDCB-4D91-AC3F-A8490C3A3636}.Debug|Any CPU.ActiveCfg = Debug|Any CPU
		{CFFA95B3-FDCB-4D91-AC3F-A8490C3A3636}.Debug|Any CPU.Build.0 = Debug|Any CPU
		{CFFA95B3-FDCB-4D91-AC3F-A8490C3A3636}.Debug|x64.ActiveCfg = Debug|Any CPU
		{CFFA95B3-FDCB-4D91-AC3F-A8490C3A3636}.Debug|x64.Build.0 = Debug|Any CPU
		{CFFA95B3-FDCB-4D91-AC3F-A8490C3A3636}.Debug|x86.ActiveCfg = Debug|Any CPU
		{CFFA95B3-FDCB-4D91-AC3F-A8490C3A3636}.Debug|x86.Build.0 = Debug|Any CPU
		{CFFA95B3-FDCB-4D91-AC3F-A8490C3A3636}.Release|Any CPU.ActiveCfg = Release|Any CPU
		{CFFA95B3-FDCB-4D91-AC3F-A8490C3A3636}.Release|Any CPU.Build.0 = Release|Any CPU
		{CFFA95B3-FDCB-4D91-AC3F-A8490C3A3636}.Release|x64.ActiveCfg = Release|Any CPU
		{CFFA95B3-FDCB-4D91-AC3F-A8490C3A3636}.Release|x64.Build.0 = Release|Any CPU
		{CFFA95B3-FDCB-4D91-AC3F-A8490C3A3636}.Release|x86.ActiveCfg = Release|Any CPU
		{CFFA95B3-FDCB-4D91-AC3F-A8490C3A3636}.Release|x86.Build.0 = Release|Any CPU
		{F19F83FF-1049-4495-BFB4-79FBAB3FFAB2}.Debug|Any CPU.ActiveCfg = Debug|Any CPU
		{F19F83FF-1049-4495-BFB4-79FBAB3FFAB2}.Debug|Any CPU.Build.0 = Debug|Any CPU
		{F19F83FF-1049-4495-BFB4-79FBAB3FFAB2}.Debug|x64.ActiveCfg = Debug|Any CPU
		{F19F83FF-1049-4495-BFB4-79FBAB3FFAB2}.Debug|x64.Build.0 = Debug|Any CPU
		{F19F83FF-1049-4495-BFB4-79FBAB3FFAB2}.Debug|x86.ActiveCfg = Debug|Any CPU
		{F19F83FF-1049-4495-BFB4-79FBAB3FFAB2}.Debug|x86.Build.0 = Debug|Any CPU
		{F19F83FF-1049-4495-BFB4-79FBAB3FFAB2}.Release|Any CPU.ActiveCfg = Release|Any CPU
		{F19F83FF-1049-4495-BFB4-79FBAB3FFAB2}.Release|Any CPU.Build.0 = Release|Any CPU
		{F19F83FF-1049-4495-BFB4-79FBAB3FFAB2}.Release|x64.ActiveCfg = Release|Any CPU
		{F19F83FF-1049-4495-BFB4-79FBAB3FFAB2}.Release|x64.Build.0 = Release|Any CPU
		{F19F83FF-1049-4495-BFB4-79FBAB3FFAB2}.Release|x86.ActiveCfg = Release|Any CPU
		{F19F83FF-1049-4495-BFB4-79FBAB3FFAB2}.Release|x86.Build.0 = Release|Any CPU
		{005EE2D4-6DDC-45AC-B8D1-A09A10778F36}.Debug|Any CPU.ActiveCfg = Debug|Any CPU
		{005EE2D4-6DDC-45AC-B8D1-A09A10778F36}.Debug|Any CPU.Build.0 = Debug|Any CPU
		{005EE2D4-6DDC-45AC-B8D1-A09A10778F36}.Debug|x64.ActiveCfg = Debug|Any CPU
		{005EE2D4-6DDC-45AC-B8D1-A09A10778F36}.Debug|x64.Build.0 = Debug|Any CPU
		{005EE2D4-6DDC-45AC-B8D1-A09A10778F36}.Debug|x86.ActiveCfg = Debug|Any CPU
		{005EE2D4-6DDC-45AC-B8D1-A09A10778F36}.Debug|x86.Build.0 = Debug|Any CPU
		{005EE2D4-6DDC-45AC-B8D1-A09A10778F36}.Release|Any CPU.ActiveCfg = Release|Any CPU
		{005EE2D4-6DDC-45AC-B8D1-A09A10778F36}.Release|Any CPU.Build.0 = Release|Any CPU
		{005EE2D4-6DDC-45AC-B8D1-A09A10778F36}.Release|x64.ActiveCfg = Release|Any CPU
		{005EE2D4-6DDC-45AC-B8D1-A09A10778F36}.Release|x64.Build.0 = Release|Any CPU
		{005EE2D4-6DDC-45AC-B8D1-A09A10778F36}.Release|x86.ActiveCfg = Release|Any CPU
		{005EE2D4-6DDC-45AC-B8D1-A09A10778F36}.Release|x86.Build.0 = Release|Any CPU
		{C0D5D5DF-329B-4D58-A690-76637FDC6DBB}.Debug|Any CPU.ActiveCfg = Debug|Any CPU
		{C0D5D5DF-329B-4D58-A690-76637FDC6DBB}.Debug|Any CPU.Build.0 = Debug|Any CPU
		{C0D5D5DF-329B-4D58-A690-76637FDC6DBB}.Debug|x64.ActiveCfg = Debug|Any CPU
		{C0D5D5DF-329B-4D58-A690-76637FDC6DBB}.Debug|x64.Build.0 = Debug|Any CPU
		{C0D5D5DF-329B-4D58-A690-76637FDC6DBB}.Debug|x86.ActiveCfg = Debug|Any CPU
		{C0D5D5DF-329B-4D58-A690-76637FDC6DBB}.Debug|x86.Build.0 = Debug|Any CPU
		{C0D5D5DF-329B-4D58-A690-76637FDC6DBB}.Release|Any CPU.ActiveCfg = Release|Any CPU
		{C0D5D5DF-329B-4D58-A690-76637FDC6DBB}.Release|Any CPU.Build.0 = Release|Any CPU
		{C0D5D5DF-329B-4D58-A690-76637FDC6DBB}.Release|x64.ActiveCfg = Release|Any CPU
		{C0D5D5DF-329B-4D58-A690-76637FDC6DBB}.Release|x64.Build.0 = Release|Any CPU
		{C0D5D5DF-329B-4D58-A690-76637FDC6DBB}.Release|x86.ActiveCfg = Release|Any CPU
		{C0D5D5DF-329B-4D58-A690-76637FDC6DBB}.Release|x86.Build.0 = Release|Any CPU
		{C6203A13-5567-45F9-8680-40B07603818F}.Debug|Any CPU.ActiveCfg = Debug|Any CPU
		{C6203A13-5567-45F9-8680-40B07603818F}.Debug|Any CPU.Build.0 = Debug|Any CPU
		{C6203A13-5567-45F9-8680-40B07603818F}.Debug|x64.ActiveCfg = Debug|Any CPU
		{C6203A13-5567-45F9-8680-40B07603818F}.Debug|x64.Build.0 = Debug|Any CPU
		{C6203A13-5567-45F9-8680-40B07603818F}.Debug|x86.ActiveCfg = Debug|Any CPU
		{C6203A13-5567-45F9-8680-40B07603818F}.Debug|x86.Build.0 = Debug|Any CPU
		{C6203A13-5567-45F9-8680-40B07603818F}.Release|Any CPU.ActiveCfg = Release|Any CPU
		{C6203A13-5567-45F9-8680-40B07603818F}.Release|Any CPU.Build.0 = Release|Any CPU
		{C6203A13-5567-45F9-8680-40B07603818F}.Release|x64.ActiveCfg = Release|Any CPU
		{C6203A13-5567-45F9-8680-40B07603818F}.Release|x64.Build.0 = Release|Any CPU
		{C6203A13-5567-45F9-8680-40B07603818F}.Release|x86.ActiveCfg = Release|Any CPU
		{C6203A13-5567-45F9-8680-40B07603818F}.Release|x86.Build.0 = Release|Any CPU
		{97732056-6697-4AB4-AE1D-619FB7089B63}.Debug|Any CPU.ActiveCfg = Debug|Any CPU
		{97732056-6697-4AB4-AE1D-619FB7089B63}.Debug|Any CPU.Build.0 = Debug|Any CPU
		{97732056-6697-4AB4-AE1D-619FB7089B63}.Debug|x64.ActiveCfg = Debug|Any CPU
		{97732056-6697-4AB4-AE1D-619FB7089B63}.Debug|x64.Build.0 = Debug|Any CPU
		{97732056-6697-4AB4-AE1D-619FB7089B63}.Debug|x86.ActiveCfg = Debug|Any CPU
		{97732056-6697-4AB4-AE1D-619FB7089B63}.Debug|x86.Build.0 = Debug|Any CPU
		{97732056-6697-4AB4-AE1D-619FB7089B63}.Release|Any CPU.ActiveCfg = Release|Any CPU
		{97732056-6697-4AB4-AE1D-619FB7089B63}.Release|Any CPU.Build.0 = Release|Any CPU
		{97732056-6697-4AB4-AE1D-619FB7089B63}.Release|x64.ActiveCfg = Release|Any CPU
		{97732056-6697-4AB4-AE1D-619FB7089B63}.Release|x64.Build.0 = Release|Any CPU
		{97732056-6697-4AB4-AE1D-619FB7089B63}.Release|x86.ActiveCfg = Release|Any CPU
		{97732056-6697-4AB4-AE1D-619FB7089B63}.Release|x86.Build.0 = Release|Any CPU
	EndGlobalSection
	GlobalSection(SolutionProperties) = preSolution
		HideSolutionNode = FALSE
	EndGlobalSection
	GlobalSection(NestedProjects) = preSolution
		{CFFA95B3-FDCB-4D91-AC3F-A8490C3A3636} = {F66A2494-0BBE-F09C-EB55-F74A280B9B76}
		{F19F83FF-1049-4495-BFB4-79FBAB3FFAB2} = {F66A2494-0BBE-F09C-EB55-F74A280B9B76}
		{005EE2D4-6DDC-45AC-B8D1-A09A10778F36} = {9C2866CC-6C21-6D98-0DB7-E8EF7DD10F17}
		{C0D5D5DF-329B-4D58-A690-76637FDC6DBB} = {23099019-D3A1-7F17-3F96-8337AEDD5E76}
		{C6203A13-5567-45F9-8680-40B07603818F} = {CE6CD096-49E9-DFF8-B3BA-0B66DB6D92A1}
		{97732056-6697-4AB4-AE1D-619FB7089B63} = {D882390D-FD07-E126-5555-EDD6CF372947}
	EndGlobalSection
EndGlobal
